
Microsoft Visual Studio Solution File, Format Version 12.00
# Visual Studio 15
VisualStudioVersion = 15.0.27130.2027
MinimumVisualStudioVersion = 10.0.40219.1
Project("{9A19103F-16F7-4668-BE54-9A1E7A4F7556}") = "AlanJuden.MvcReportViewer.NetCore2", "AlanJuden.MvcReportViewer.NetCore2\AlanJuden.MvcReportViewer.NetCore2.csproj", "{E3896846-5D1B-49FE-8F49-FA4E45BDA02A}"
EndProject
Project("{FAE04EC0-301F-11D3-BF4B-00C04F79EFBC}") = "AlanJuden.MvcReportViewer.ExampleWebsite.NetCore2", "AlanJuden.MvcReportViewer.ExampleWebsite.NetCore2\AlanJuden.MvcReportViewer.ExampleWebsite.NetCore2.csproj", "{CE036DCB-5066-42D6-BF0C-124BC79C7D8C}"
EndProject
Global
	GlobalSection(SolutionConfigurationPlatforms) = preSolution
		Debug|Any CPU = Debug|Any CPU
		Release|Any CPU = Release|Any CPU
	EndGlobalSection
	GlobalSection(ProjectConfigurationPlatforms) = postSolution
		{E3896846-5D1B-49FE-8F49-FA4E45BDA02A}.Debug|Any CPU.ActiveCfg = Debug|Any CPU
		{E3896846-5D1B-49FE-8F49-FA4E45BDA02A}.Debug|Any CPU.Build.0 = Debug|Any CPU
		{E3896846-5D1B-49FE-8F49-FA4E45BDA02A}.Release|Any CPU.ActiveCfg = Release|Any CPU
		{E3896846-5D1B-49FE-8F49-FA4E45BDA02A}.Release|Any CPU.Build.0 = Release|Any CPU
		{CE036DCB-5066-42D6-BF0C-124BC79C7D8C}.Debug|Any CPU.ActiveCfg = Debug|Any CPU
		{CE036DCB-5066-42D6-BF0C-124BC79C7D8C}.Debug|Any CPU.Build.0 = Debug|Any CPU
		{CE036DCB-5066-42D6-BF0C-124BC79C7D8C}.Release|Any CPU.ActiveCfg = Release|Any CPU
		{CE036DCB-5066-42D6-BF0C-124BC79C7D8C}.Release|Any CPU.Build.0 = Release|Any CPU
	EndGlobalSection
	GlobalSection(SolutionProperties) = preSolution
		HideSolutionNode = FALSE
	EndGlobalSection
	GlobalSection(ExtensibilityGlobals) = postSolution
		SolutionGuid = {6CD0FF80-F1BC-4DA8-B454-771BFFCB5943}
	EndGlobalSection
EndGlobal
