
Microsoft Visual Studio Solution File, Format Version 12.00
# Visual Studio 15
VisualStudioVersion = 15.0.26403.0
MinimumVisualStudioVersion = 10.0.40219.1
Project("{9A19103F-16F7-4668-BE54-9A1E7A4F7556}") = "AlanJuden.MvcReportViewer.ExampleWebsite.NetCore", "AlanJuden.MvcReportViewer.ExampleWebsite.NetCore\AlanJuden.MvcReportViewer.ExampleWebsite.NetCore.csproj", "{EB181C1B-6A81-4DC3-93EA-8A16A007FA87}"
EndProject
Project("{9A19103F-16F7-4668-BE54-9A1E7A4F7556}") = "AlanJuden.MvcReportViewer.NetCore", "AlanJuden.MvcReportViewer.NetCore\AlanJuden.MvcReportViewer.NetCore.csproj", "{D911DA30-3023-413C-97AC-E4901B1CEB7B}"
EndProject
Global
	GlobalSection(SolutionConfigurationPlatforms) = preSolution
		Debug|Any CPU = Debug|Any CPU
		Release|Any CPU = Release|Any CPU
	EndGlobalSection
	GlobalSection(ProjectConfigurationPlatforms) = postSolution
		{EB181C1B-6A81-4DC3-93EA-8A16A007FA87}.Debug|Any CPU.ActiveCfg = Debug|Any CPU
		{EB181C1B-6A81-4DC3-93EA-8A16A007FA87}.Debug|Any CPU.Build.0 = Debug|Any CPU
		{EB181C1B-6A81-4DC3-93EA-8A16A007FA87}.Release|Any CPU.ActiveCfg = Release|Any CPU
		{EB181C1B-6A81-4DC3-93EA-8A16A007FA87}.Release|Any CPU.Build.0 = Release|Any CPU
		{D911DA30-3023-413C-97AC-E4901B1CEB7B}.Debug|Any CPU.ActiveCfg = Debug|Any CPU
		{D911DA30-3023-413C-97AC-E4901B1CEB7B}.Debug|Any CPU.Build.0 = Debug|Any CPU
		{D911DA30-3023-413C-97AC-E4901B1CEB7B}.Release|Any CPU.ActiveCfg = Release|Any CPU
		{D911DA30-3023-413C-97AC-E4901B1CEB7B}.Release|Any CPU.Build.0 = Release|Any CPU
	EndGlobalSection
	GlobalSection(SolutionProperties) = preSolution
		HideSolutionNode = FALSE
	EndGlobalSection
EndGlobal
